github.com/gdamore/encoding v0.0.0-20151215212835-b23993cbb635 h1:hheUEMzaOie/wKeIc1WPa7CDVuIO5hqQxjS+dwTQEnI=
github.com/gdamore/encoding v0.0.0-20151215212835-b23993cbb635/go.mod h1:yrQYJKKDTrHmbYxI7CYi+/hbdiDT2m4Hj+t0ikCjsrQ=
github.com/gdamore/tcell v1.1.0 h1:RbQgl7jukmdqROeNcKps7R2YfDCQbWkOd1BwdXrxfr4=
github.com/gdamore/tcell v1.1.0/go.mod h1:tqyG50u7+Ctv1w5VX67kLzKcj9YXR/JSBZQq/+mLl1A=
github.com/lucasb-eyer/go-colorful v0.0.0-20180709185858-c7842319cf3a h1:B2QfFRl5yGVGGcyEVFzfdXlC1BBvszsIAsCeef2oD0k=
github.com/lucasb-eyer/go-colorful v0.0.0-20180709185858-c7842319cf3a/go.mod h1:NXg0ArsFk0Y01623LgUqoqcouGDB+PwCCQlrwrG6xJ4=
github.com/mattn/go-runewidth v0.0.3 h1:a+kO+98RDGEfo6asOGMmpodZq4FNtnGP54yps8BzLR4=
github.com/mattn/go-runewidth v0.0.3/go.mod h1:LwmH8dsx7+W8Uxz3IHJYH5QSwggIsqBzpuz5H//U1FU=
github.com/rivo/tview v0.0.0-20180821142722-77bcb6c6b900 h1:zG3+pS2uTzAzGwiCieauvctMFJ7koq8FcX3zuvodl3U=
github.com/rivo/tview v0.0.0-20180821142722-77bcb6c6b900/go.mod h1:J4W+hErFfITUbyFAEXizpmkuxX7ZN56dopxHB4XQhMw=
gitlab.com/gomidi/midi v1.7.4 h1:wJFrJpD+oDvilYhNvyutG2cjdvx2wnAB1s11Kxdk4Tg=
gitlab.com/gomidi/midi v1.7.4/go.mod h1:Geyousi3Lg15GJRg0CnpxQMQIgDLapqJKq2Cbf7LJfs=
gitlab.com/gomidi/midi v1.10.0 h1:zh1vPE1oAPCs1vkFwGGS8iftsQzlChjMxhIQOj9ReSE=
gitlab.com/gomidi/midi v1.10.0/go.mod h1:Geyousi3Lg15GJRg0CnpxQMQIgDLapqJKq2Cbf7LJfs=
gitlab.com/gomidi/midi v1.14.1 h1:+I3MHxspu3H1o2ejAdehBLmIUBTOIdlOlmkdKvCJlME=
gitlab.com/gomidi/midi v1.14.1/go.mod h1:3ohtNOhqoSakkuLG/Li1OI6I3J1c2LErnJF5o/VBq1c=
gitlab.com/gomidi/midi v1.15.3 h1:PSgwBOnB+8cY2IeMaBL3gKfehGt4q9B3vc70ISHJvvs=
gitlab.com/gomidi/midi v1.15.3/go.mod h1:3ohtNOhqoSakkuLG/Li1OI6I3J1c2LErnJF5o/VBq1c=
gitlab.com/gomidi/midi v1.20.2 h1:tvxjgBwLUXneTQllYnjOnUABxnHJnA5CHaPW/LwcHDw=
gitlab.com/gomidi/midi v1.20.2/go.mod h1:3ohtNOhqoSakkuLG/Li1OI6I3J1c2LErnJF5o/VBq1c=
gitlab.com/gomidi/midi v1.20.3 h1:aTUkReoHHb7flsbBcDjur0XFbEU///OEStm2lJ+a+Ro=
gitlab.com/gomidi/midi v1.20.3/go.mod h1:3ohtNOhqoSakkuLG/Li1OI6I3J1c2LErnJF5o/VBq1c=
gitlab.com/gomidi/midiline v0.13.0 h1:LkD5Vc8ye8ZSMKetDwegZsUi2hHApNWnKYINMgNSVqU=
gitlab.com/gomidi/midiline v0.13.0/go.mod h1:xCT0jp86dCCtLRKz7qdv8Kq0Ws4yAe/CzH+ahUETNsQ=
gitlab.com/gomidi/midiline v0.14.0 h1:tGgGjDyuKduI7qnliwt6qWEQfE3ApoHObqnWtypnLoQ=
gitlab.com/gomidi/midiline v0.14.0/go.mod h1:R9BvRJNfq1q9dPtMsclQxKAnkH94a7HbtwcwyKcudH8=
gitlab.com/gomidi/midiline v0.15.0 h1:D1Lymdi9mEH/tQyJZb7H1jUZniBNrzXrfwJ4UNEZ14A=
gitlab.com/gomidi/midiline v0.15.0/go.mod h1:1kM4x94k/oIjiUTwKLAYwhdmhuWb+le6E5Fo+sWWq+E=
gitlab.com/gomidi/midiline v0.16.0 h1:gykN1cm8zK1gy5HqcwlW3dz8YlnWauewpV9zNR0yidM=
gitlab.com/gomidi/midiline v0.16.0/go.mod h1:hUQkI6mb4Dwgv49qUyY+8iZsODnVMmpon8vovmM2kx0=
gitlab.com/gomidi/rtmididrv v0.2.2 h1:lJzO1qS1ljj3YIFkjPV/WTxDoXCgQhOa9I/XA/EXXJg=
gitlab.com/gomidi/rtmididrv v0.2.2/go.mod h1:tZmUod4du4IOP2hSh4oNOoOnO+wnwaRMaGfsMuQb864=
gitlab.com/gomidi/rtmididrv v0.3.0 h1:7TQ3gmCP2BoceHVs5xWE096rq+TOjiPHG/mfx48ElSs=
gitlab.com/gomidi/rtmididrv v0.3.0/go.mod h1:GmQsVOCVTa1f2pDUxFUl1qRHRYNF1bfWQvYzr4Ixldo=
gitlab.com/gomidi/rtmididrv v0.8.0/go.mod h1:FWSsvpbFkqyO0qzr4CFdnTiM40E8JV0NvuS/1HXvd0Q=
gitlab.com/gomidi/rtmididrv v0.9.3 h1:igL6gYTFd8y5km+2UzbDRdLbyGmnAZiJmTepFhtu8vg=
gitlab.com/gomidi/rtmididrv v0.9.3/go.mod h1:Tm1+gEkKGIvMCTieUc0WcZU3BqYyzwEmnWDx1Dr9JJw=
gitlab.com/gomidi/rtmididrv/imported/rtmidi v0.0.0-20181030132923-7607b12e13d8 h1:dPFDpTtUnvDbVu6znMXXR7tjh2fnv9xip0duVU9w5IE=
gitlab.com/gomidi/rtmididrv/imported/rtmidi v0.0.0-20181030132923-7607b12e13d8/go.mod h1:FYVFN2H23IsX56VntiDF9DgCIekHh359wW+iMl1W8rQ=
gitlab.com/gomidi/rtmididrv/imported/rtmidi v0.0.0-20191025100939-514fe0ed97a6 h1:0XqAH/BAxH5TTBzIWkdlZqpp6VUx6DFcQnMWW6G6hIc=
gitlab.com/gomidi/rtmididrv/imported/rtmidi v0.0.0-20191025100939-514fe0ed97a6/go.mod h1:FYVFN2H23IsX56VntiDF9DgCIekHh359wW+iMl1W8rQ=
gitlab.com/metakeule/config v1.13.0 h1:v/OtdhcbiUolehz+Rxj6j31ZwVXfud81NFxz4OR8mlA=
gitlab.com/metakeule/config v1.13.0/go.mod h1:NOPjxiMU1sZhcTXUrpCtj4W2nB0mDYRIQXISM68FDlQ=
gitlab.com/metakeule/config v1.15.5 h1:vrVMpAX9YUIB4EFys3ELhCDvr1Uukf6ORdDaXdRBe+E=
gitlab.com/metakeule/config v1.15.5/go.mod h1:cf4RRJmasbQ5/lXkTJQnqCiJ2MC9ShDS6EsBrA9ni74=
gitlab.com/metakeule/fmtdate v1.2.0 h1:MCtqJiTO3j8yTn28aJvgvQy63f1DsjTj702f7TGaFOk=
gitlab.com/metakeule/fmtdate v1.2.0/go.mod h1:uZUf21xepWGLp6PgJGBbHeBVWO+/gsKi3Gdh0Fu4lGg=
golang.org/x/text v0.3.0 h1:g61tztE5qeGQ89tm6NTjjM9VPIm088od1l6aSorWRWg=
golang.org/x/text v0.3.0/go.mod h1:NqM8EUOU14njkJ3fqMW+pc6Ldnwhi/IjpwHt7yyuwOQ=
